// !$*UTF8*$!
{
	archiveVersion = 1;
	classes = {
	};
	objectVersion = 46;
	objects = {

/* Begin PBXBuildFile section */
		B973539E1CAD2251004A8196 /* SetViewController.m in Sources */ = {isa = PBXBuildFile; fileRef = B973539D1CAD2251004A8196 /* SetViewController.m */; };
		B97353A71CAD28F1004A8196 /* SetCardDeck.m in Sources */ = {isa = PBXBuildFile; fileRef = B97353A61CAD28F1004A8196 /* SetCardDeck.m */; };
		B97353AD1CAD47B8004A8196 /* MatchingViewController.m in Sources */ = {isa = PBXBuildFile; fileRef = B97353AC1CAD47B8004A8196 /* MatchingViewController.m */; };
		B97353B01CAD50DD004A8196 /* SetCard.m in Sources */ = {isa = PBXBuildFile; fileRef = B97353AF1CAD50DD004A8196 /* SetCard.m */; };
		B99CD8F11CA957E3002AECF6 /* Deck.m in Sources */ = {isa = PBXBuildFile; fileRef = B99CD8F01CA957E3002AECF6 /* Deck.m */; };
		B9ACC29C1CB3A1D9001F6FF7 /* SetCardView.m in Sources */ = {isa = PBXBuildFile; fileRef = B9ACC29B1CB3A1D9001F6FF7 /* SetCardView.m */; };
		B9ACC29F1CB3B628001F6FF7 /* CardViewConfiguration.m in Sources */ = {isa = PBXBuildFile; fileRef = B9ACC29E1CB3B628001F6FF7 /* CardViewConfiguration.m */; };
		B9AF4FCE1CA952F800699492 /* Card.m in Sources */ = {isa = PBXBuildFile; fileRef = B9AF4FCD1CA952F800699492 /* Card.m */; };
		B9B58BAF1CA99108002EE923 /* CardMatchingGame.m in Sources */ = {isa = PBXBuildFile; fileRef = B9B58BAA1CA99108002EE923 /* CardMatchingGame.m */; };
		B9B58BB01CA99108002EE923 /* PlayingCard.m in Sources */ = {isa = PBXBuildFile; fileRef = B9B58BAC1CA99108002EE923 /* PlayingCard.m */; };
		B9B58BB11CA99108002EE923 /* PlayingCardDeck.m in Sources */ = {isa = PBXBuildFile; fileRef = B9B58BAE1CA99108002EE923 /* PlayingCardDeck.m */; };
		B9B8DC9B1CB156D500D038A1 /* HistoryViewController.m in Sources */ = {isa = PBXBuildFile; fileRef = B9B8DC9A1CB156D500D038A1 /* HistoryViewController.m */; };
		B9B8DC9E1CB299AF00D038A1 /* PlayingCardView.m in Sources */ = {isa = PBXBuildFile; fileRef = B9B8DC9D1CB299AF00D038A1 /* PlayingCardView.m */; };
		B9EB663C1CA93FF4002AC233 /* main.m in Sources */ = {isa = PBXBuildFile; fileRef = B9EB663B1CA93FF4002AC233 /* main.m */; };
		B9EB663F1CA93FF4002AC233 /* AppDelegate.m in Sources */ = {isa = PBXBuildFile; fileRef = B9EB663E1CA93FF4002AC233 /* AppDelegate.m */; };
		B9EB66421CA93FF4002AC233 /* CardGameViewController.m in Sources */ = {isa = PBXBuildFile; fileRef = B9EB66411CA93FF4002AC233 /* CardGameViewController.m */; };
		B9EB66451CA93FF4002AC233 /* Main.storyboard in Resources */ = {isa = PBXBuildFile; fileRef = B9EB66431CA93FF4002AC233 /* Main.storyboard */; };
		B9EB66471CA93FF4002AC233 /* Assets.xcassets in Resources */ = {isa = PBXBuildFile; fileRef = B9EB66461CA93FF4002AC233 /* Assets.xcassets */; };
		B9EB664A1CA93FF4002AC233 /* LaunchScreen.storyboard in Resources */ = {isa = PBXBuildFile; fileRef = B9EB66481CA93FF4002AC233 /* LaunchScreen.storyboard */; };
		B9EB66551CA93FF4002AC233 /* MatchismoTests.m in Sources */ = {isa = PBXBuildFile; fileRef = B9EB66541CA93FF4002AC233 /* MatchismoTests.m */; };
		B9EB66601CA93FF4002AC233 /* MatchismoUITests.m in Sources */ = {isa = PBXBuildFile; fileRef = B9EB665F1CA93FF4002AC233 /* MatchismoUITests.m */; };
/* End PBXBuildFile section */

/* Begin PBXContainerItemProxy section */
		B9EB66511CA93FF4002AC233 /* PBXContainerItemProxy */ = {
			isa = PBXContainerItemProxy;
			containerPortal = B9EB662F1CA93FF4002AC233 /* Project object */;
			proxyType = 1;
			remoteGlobalIDString = B9EB66361CA93FF4002AC233;
			remoteInfo = Matchismo;
		};
		B9EB665C1CA93FF4002AC233 /* PBXContainerItemProxy */ = {
			isa = PBXContainerItemProxy;
			containerPortal = B9EB662F1CA93FF4002AC233 /* Project object */;
			proxyType = 1;
			remoteGlobalIDString = B9EB66361CA93FF4002AC233;
			remoteInfo = Matchismo;
		};
/* End PBXContainerItemProxy section */

/* Begin PBXFileReference section */
		B973539C1CAD2251004A8196 /* SetViewController.h */ = {isa = PBXFileReference; fileEncoding = 4; lastKnownFileType = sourcecode.c.h; name = SetViewController.h; path = Matchismo/SetViewController.h; sourceTree = "<group>"; };
		B973539D1CAD2251004A8196 /* SetViewController.m */ = {isa = PBXFileReference; fileEncoding = 4; lastKnownFileType = sourcecode.c.objc; name = SetViewController.m; path = Matchismo/SetViewController.m; sourceTree = "<group>"; };
		B97353A51CAD28F1004A8196 /* SetCardDeck.h */ = {isa = PBXFileReference; fileEncoding = 4; lastKnownFileType = sourcecode.c.h; name = SetCardDeck.h; path = Matchismo/SetCardDeck.h; sourceTree = "<group>"; };
		B97353A61CAD28F1004A8196 /* SetCardDeck.m */ = {isa = PBXFileReference; fileEncoding = 4; lastKnownFileType = sourcecode.c.objc; name = SetCardDeck.m; path = Matchismo/SetCardDeck.m; sourceTree = "<group>"; };
		B97353AB1CAD47B8004A8196 /* MatchingViewController.h */ = {isa = PBXFileReference; fileEncoding = 4; lastKnownFileType = sourcecode.c.h; name = MatchingViewController.h; path = Matchismo/MatchingViewController.h; sourceTree = "<group>"; };
		B97353AC1CAD47B8004A8196 /* MatchingViewController.m */ = {isa = PBXFileReference; fileEncoding = 4; lastKnownFileType = sourcecode.c.objc; name = MatchingViewController.m; path = Matchismo/MatchingViewController.m; sourceTree = "<group>"; };
		B97353AE1CAD50DD004A8196 /* SetCard.h */ = {isa = PBXFileReference; fileEncoding = 4; lastKnownFileType = sourcecode.c.h; name = SetCard.h; path = Matchismo/SetCard.h; sourceTree = "<group>"; };
		B97353AF1CAD50DD004A8196 /* SetCard.m */ = {isa = PBXFileReference; fileEncoding = 4; lastKnownFileType = sourcecode.c.objc; name = SetCard.m; path = Matchismo/SetCard.m; sourceTree = "<group>"; };
		B99CD8EF1CA957E3002AECF6 /* Deck.h */ = {isa = PBXFileReference; fileEncoding = 4; lastKnownFileType = sourcecode.c.h; name = Deck.h; path = Matchismo/Deck.h; sourceTree = "<group>"; };
		B99CD8F01CA957E3002AECF6 /* Deck.m */ = {isa = PBXFileReference; fileEncoding = 4; lastKnownFileType = sourcecode.c.objc; name = Deck.m; path = Matchismo/Deck.m; sourceTree = "<group>"; };
		B9ACC29A1CB3A1D9001F6FF7 /* SetCardView.h */ = {isa = PBXFileReference; fileEncoding = 4; lastKnownFileType = sourcecode.c.h; name = SetCardView.h; path = Matchismo/SetCardView.h; sourceTree = "<group>"; };
		B9ACC29B1CB3A1D9001F6FF7 /* SetCardView.m */ = {isa = PBXFileReference; fileEncoding = 4; lastKnownFileType = sourcecode.c.objc; name = SetCardView.m; path = Matchismo/SetCardView.m; sourceTree = "<group>"; };
		B9ACC29D1CB3B628001F6FF7 /* CardViewConfiguration.h */ = {isa = PBXFileReference; fileEncoding = 4; lastKnownFileType = sourcecode.c.h; name = CardViewConfiguration.h; path = Matchismo/CardViewConfiguration.h; sourceTree = "<group>"; };
		B9ACC29E1CB3B628001F6FF7 /* CardViewConfiguration.m */ = {isa = PBXFileReference; fileEncoding = 4; lastKnownFileType = sourcecode.c.objc; name = CardViewConfiguration.m; path = Matchismo/CardViewConfiguration.m; sourceTree = "<group>"; };
		B9AF4FCC1CA952F800699492 /* Card.h */ = {isa = PBXFileReference; fileEncoding = 4; lastKnownFileType = sourcecode.c.h; name = Card.h; path = Matchismo/Card.h; sourceTree = "<group>"; };
		B9AF4FCD1CA952F800699492 /* Card.m */ = {isa = PBXFileReference; fileEncoding = 4; lastKnownFileType = sourcecode.c.objc; name = Card.m; path = Matchismo/Card.m; sourceTree = "<group>"; };
		B9B58BA91CA99108002EE923 /* CardMatchingGame.h */ = {isa = PBXFileReference; fileEncoding = 4; lastKnownFileType = sourcecode.c.h; name = CardMatchingGame.h; path = Matchismo/CardMatchingGame.h; sourceTree = "<group>"; };
		B9B58BAA1CA99108002EE923 /* CardMatchingGame.m */ = {isa = PBXFileReference; fileEncoding = 4; lastKnownFileType = sourcecode.c.objc; name = CardMatchingGame.m; path = Matchismo/CardMatchingGame.m; sourceTree = "<group>"; };
		B9B58BAB1CA99108002EE923 /* PlayingCard.h */ = {isa = PBXFileReference; fileEncoding = 4; lastKnownFileType = sourcecode.c.h; name = PlayingCard.h; path = Matchismo/PlayingCard.h; sourceTree = "<group>"; };
		B9B58BAC1CA99108002EE923 /* PlayingCard.m */ = {isa = PBXFileReference; fileEncoding = 4; lastKnownFileType = sourcecode.c.objc; name = PlayingCard.m; path = Matchismo/PlayingCard.m; sourceTree = "<group>"; };
		B9B58BAD1CA99108002EE923 /* PlayingCardDeck.h */ = {isa = PBXFileReference; fileEncoding = 4; lastKnownFileType = sourcecode.c.h; name = PlayingCardDeck.h; path = Matchismo/PlayingCardDeck.h; sourceTree = "<group>"; };
		B9B58BAE1CA99108002EE923 /* PlayingCardDeck.m */ = {isa = PBXFileReference; fileEncoding = 4; lastKnownFileType = sourcecode.c.objc; name = PlayingCardDeck.m; path = Matchismo/PlayingCardDeck.m; sourceTree = "<group>"; };
		B9B8DC991CB156D500D038A1 /* HistoryViewController.h */ = {isa = PBXFileReference; fileEncoding = 4; lastKnownFileType = sourcecode.c.h; name = HistoryViewController.h; path = Matchismo/HistoryViewController.h; sourceTree = "<group>"; };
		B9B8DC9A1CB156D500D038A1 /* HistoryViewController.m */ = {isa = PBXFileReference; fileEncoding = 4; lastKnownFileType = sourcecode.c.objc; name = HistoryViewController.m; path = Matchismo/HistoryViewController.m; sourceTree = "<group>"; };
		B9B8DC9C1CB299AF00D038A1 /* PlayingCardView.h */ = {isa = PBXFileReference; fileEncoding = 4; lastKnownFileType = sourcecode.c.h; name = PlayingCardView.h; path = Matchismo/PlayingCardView.h; sourceTree = "<group>"; };
		B9B8DC9D1CB299AF00D038A1 /* PlayingCardView.m */ = {isa = PBXFileReference; fileEncoding = 4; lastKnownFileType = sourcecode.c.objc; name = PlayingCardView.m; path = Matchismo/PlayingCardView.m; sourceTree = "<group>"; };
		B9EB66371CA93FF4002AC233 /* Matchismo.app */ = {isa = PBXFileReference; explicitFileType = wrapper.application; includeInIndex = 0; path = Matchismo.app; sourceTree = BUILT_PRODUCTS_DIR; };
		B9EB663B1CA93FF4002AC233 /* main.m */ = {isa = PBXFileReference; lastKnownFileType = sourcecode.c.objc; path = main.m; sourceTree = "<group>"; };
		B9EB663D1CA93FF4002AC233 /* AppDelegate.h */ = {isa = PBXFileReference; lastKnownFileType = sourcecode.c.h; path = AppDelegate.h; sourceTree = "<group>"; };
		B9EB663E1CA93FF4002AC233 /* AppDelegate.m */ = {isa = PBXFileReference; lastKnownFileType = sourcecode.c.objc; path = AppDelegate.m; sourceTree = "<group>"; };
		B9EB66401CA93FF4002AC233 /* CardGameViewController.h */ = {isa = PBXFileReference; lastKnownFileType = sourcecode.c.h; name = CardGameViewController.h; path = Matchismo/CardGameViewController.h; sourceTree = "<group>"; };
		B9EB66411CA93FF4002AC233 /* CardGameViewController.m */ = {isa = PBXFileReference; lastKnownFileType = sourcecode.c.objc; name = CardGameViewController.m; path = Matchismo/CardGameViewController.m; sourceTree = "<group>"; };
		B9EB66441CA93FF4002AC233 /* Base */ = {isa = PBXFileReference; lastKnownFileType = file.storyboard; name = Base; path = Base.lproj/Main.storyboard; sourceTree = "<group>"; };
		B9EB66461CA93FF4002AC233 /* Assets.xcassets */ = {isa = PBXFileReference; lastKnownFileType = folder.assetcatalog; path = Assets.xcassets; sourceTree = "<group>"; };
		B9EB66491CA93FF4002AC233 /* Base */ = {isa = PBXFileReference; lastKnownFileType = file.storyboard; name = Base; path = Base.lproj/LaunchScreen.storyboard; sourceTree = "<group>"; };
		B9EB664B1CA93FF4002AC233 /* Info.plist */ = {isa = PBXFileReference; lastKnownFileType = text.plist.xml; path = Info.plist; sourceTree = "<group>"; };
		B9EB66501CA93FF4002AC233 /* MatchismoTests.xctest */ = {isa = PBXFileReference; explicitFileType = wrapper.cfbundle; includeInIndex = 0; path = MatchismoTests.xctest; sourceTree = BUILT_PRODUCTS_DIR; };
		B9EB66541CA93FF4002AC233 /* MatchismoTests.m */ = {isa = PBXFileReference; lastKnownFileType = sourcecode.c.objc; path = MatchismoTests.m; sourceTree = "<group>"; };
		B9EB66561CA93FF4002AC233 /* Info.plist */ = {isa = PBXFileReference; lastKnownFileType = text.plist.xml; path = Info.plist; sourceTree = "<group>"; };
		B9EB665B1CA93FF4002AC233 /* MatchismoUITests.xctest */ = {isa = PBXFileReference; explicitFileType = wrapper.cfbundle; includeInIndex = 0; path = MatchismoUITests.xctest; sourceTree = BUILT_PRODUCTS_DIR; };
		B9EB665F1CA93FF4002AC233 /* MatchismoUITests.m */ = {isa = PBXFileReference; lastKnownFileType = sourcecode.c.objc; path = MatchismoUITests.m; sourceTree = "<group>"; };
		B9EB66611CA93FF4002AC233 /* Info.plist */ = {isa = PBXFileReference; lastKnownFileType = text.plist.xml; path = Info.plist; sourceTree = "<group>"; };
/* End PBXFileReference section */

/* Begin PBXFrameworksBuildPhase section */
		B9EB66341CA93FF4002AC233 /* Frameworks */ = {
			isa = PBXFrameworksBuildPhase;
			buildActionMask = 2147483647;
			files = (
			);
			runOnlyForDeploymentPostprocessing = 0;
		};
		B9EB664D1CA93FF4002AC233 /* Frameworks */ = {
			isa = PBXFrameworksBuildPhase;
			buildActionMask = 2147483647;
			files = (
			);
			runOnlyForDeploymentPostprocessing = 0;
		};
		B9EB66581CA93FF4002AC233 /* Frameworks */ = {
			isa = PBXFrameworksBuildPhase;
			buildActionMask = 2147483647;
			files = (
			);
			runOnlyForDeploymentPostprocessing = 0;
		};
/* End PBXFrameworksBuildPhase section */

/* Begin PBXGroup section */
		B9B8DC9F1CB299DF00D038A1 /* UI */ = {
			isa = PBXGroup;
			children = (
				B9B8DC9C1CB299AF00D038A1 /* PlayingCardView.h */,
				B9B8DC9D1CB299AF00D038A1 /* PlayingCardView.m */,
				B9B8DC991CB156D500D038A1 /* HistoryViewController.h */,
				B9B8DC9A1CB156D500D038A1 /* HistoryViewController.m */,
				B97353AB1CAD47B8004A8196 /* MatchingViewController.h */,
				B97353AC1CAD47B8004A8196 /* MatchingViewController.m */,
				B973539C1CAD2251004A8196 /* SetViewController.h */,
				B973539D1CAD2251004A8196 /* SetViewController.m */,
				B9EB66401CA93FF4002AC233 /* CardGameViewController.h */,
				B9EB66411CA93FF4002AC233 /* CardGameViewController.m */,
				B9ACC29A1CB3A1D9001F6FF7 /* SetCardView.h */,
				B9ACC29B1CB3A1D9001F6FF7 /* SetCardView.m */,
				B9ACC29D1CB3B628001F6FF7 /* CardViewConfiguration.h */,
				B9ACC29E1CB3B628001F6FF7 /* CardViewConfiguration.m */,
			);
			name = UI;
			sourceTree = "<group>";
		};
		B9EB662E1CA93FF4002AC233 = {
			isa = PBXGroup;
			children = (
				B9B8DC9F1CB299DF00D038A1 /* UI */,
				B97353AE1CAD50DD004A8196 /* SetCard.h */,
				B97353AF1CAD50DD004A8196 /* SetCard.m */,
				B97353A51CAD28F1004A8196 /* SetCardDeck.h */,
				B97353A61CAD28F1004A8196 /* SetCardDeck.m */,
				B9B58BA91CA99108002EE923 /* CardMatchingGame.h */,
				B9B58BAA1CA99108002EE923 /* CardMatchingGame.m */,
				B9B58BAB1CA99108002EE923 /* PlayingCard.h */,
				B9B58BAC1CA99108002EE923 /* PlayingCard.m */,
				B9B58BAD1CA99108002EE923 /* PlayingCardDeck.h */,
				B9B58BAE1CA99108002EE923 /* PlayingCardDeck.m */,
				B9AF4FCC1CA952F800699492 /* Card.h */,
				B9AF4FCD1CA952F800699492 /* Card.m */,
				B99CD8EF1CA957E3002AECF6 /* Deck.h */,
				B99CD8F01CA957E3002AECF6 /* Deck.m */,
				B9EB66391CA93FF4002AC233 /* Matchismo */,
				B9EB66531CA93FF4002AC233 /* MatchismoTests */,
				B9EB665E1CA93FF4002AC233 /* MatchismoUITests */,
				B9EB66381CA93FF4002AC233 /* Products */,
			);
			sourceTree = "<group>";
		};
		B9EB66381CA93FF4002AC233 /* Products */ = {
			isa = PBXGroup;
			children = (
				B9EB66371CA93FF4002AC233 /* Matchismo.app */,
				B9EB66501CA93FF4002AC233 /* MatchismoTests.xctest */,
				B9EB665B1CA93FF4002AC233 /* MatchismoUITests.xctest */,
			);
			name = Products;
			sourceTree = "<group>";
		};
		B9EB66391CA93FF4002AC233 /* Matchismo */ = {
			isa = PBXGroup;
			children = (
				B9EB66431CA93FF4002AC233 /* Main.storyboard */,
				B9EB66461CA93FF4002AC233 /* Assets.xcassets */,
				B9EB66481CA93FF4002AC233 /* LaunchScreen.storyboard */,
				B9EB664B1CA93FF4002AC233 /* Info.plist */,
				B9EB663A1CA93FF4002AC233 /* Supporting Files */,
			);
			path = Matchismo;
			sourceTree = "<group>";
		};
		B9EB663A1CA93FF4002AC233 /* Supporting Files */ = {
			isa = PBXGroup;
			children = (
				B9EB663D1CA93FF4002AC233 /* AppDelegate.h */,
				B9EB663E1CA93FF4002AC233 /* AppDelegate.m */,
				B9EB663B1CA93FF4002AC233 /* main.m */,
			);
			name = "Supporting Files";
			sourceTree = "<group>";
		};
		B9EB66531CA93FF4002AC233 /* MatchismoTests */ = {
			isa = PBXGroup;
			children = (
				B9EB66541CA93FF4002AC233 /* MatchismoTests.m */,
				B9EB66561CA93FF4002AC233 /* Info.plist */,
			);
			path = MatchismoTests;
			sourceTree = "<group>";
		};
		B9EB665E1CA93FF4002AC233 /* MatchismoUITests */ = {
			isa = PBXGroup;
			children = (
				B9EB665F1CA93FF4002AC233 /* MatchismoUITests.m */,
				B9EB66611CA93FF4002AC233 /* Info.plist */,
			);
			path = MatchismoUITests;
			sourceTree = "<group>";
		};
/* End PBXGroup section */

/* Begin PBXNativeTarget section */
		B9EB66361CA93FF4002AC233 /* Matchismo */ = {
			isa = PBXNativeTarget;
			buildConfigurationList = B9EB66641CA93FF4002AC233 /* Build configuration list for PBXNativeTarget "Matchismo" */;
			buildPhases = (
				B9EB66331CA93FF4002AC233 /* Sources */,
				B9EB66341CA93FF4002AC233 /* Frameworks */,
				B9EB66351CA93FF4002AC233 /* Resources */,
			);
			buildRules = (
			);
			dependencies = (
			);
			name = Matchismo;
			productName = Matchismo;
			productReference = B9EB66371CA93FF4002AC233 /* Matchismo.app */;
			productType = "com.apple.product-type.application";
		};
		B9EB664F1CA93FF4002AC233 /* MatchismoTests */ = {
			isa = PBXNativeTarget;
			buildConfigurationList = B9EB66671CA93FF4002AC233 /* Build configuration list for PBXNativeTarget "MatchismoTests" */;
			buildPhases = (
				B9EB664C1CA93FF4002AC233 /* Sources */,
				B9EB664D1CA93FF4002AC233 /* Frameworks */,
				B9EB664E1CA93FF4002AC233 /* Resources */,
			);
			buildRules = (
			);
			dependencies = (
				B9EB66521CA93FF4002AC233 /* PBXTargetDependency */,
			);
			name = MatchismoTests;
			productName = MatchismoTests;
			productReference = B9EB66501CA93FF4002AC233 /* MatchismoTests.xctest */;
			productType = "com.apple.product-type.bundle.unit-test";
		};
		B9EB665A1CA93FF4002AC233 /* MatchismoUITests */ = {
			isa = PBXNativeTarget;
			buildConfigurationList = B9EB666A1CA93FF4002AC233 /* Build configuration list for PBXNativeTarget "MatchismoUITests" */;
			buildPhases = (
				B9EB66571CA93FF4002AC233 /* Sources */,
				B9EB66581CA93FF4002AC233 /* Frameworks */,
				B9EB66591CA93FF4002AC233 /* Resources */,
			);
			buildRules = (
			);
			dependencies = (
				B9EB665D1CA93FF4002AC233 /* PBXTargetDependency */,
			);
			name = MatchismoUITests;
			productName = MatchismoUITests;
			productReference = B9EB665B1CA93FF4002AC233 /* MatchismoUITests.xctest */;
			productType = "com.apple.product-type.bundle.ui-testing";
		};
/* End PBXNativeTarget section */

/* Begin PBXProject section */
		B9EB662F1CA93FF4002AC233 /* Project object */ = {
			isa = PBXProject;
			attributes = {
				LastUpgradeCheck = 0730;
				ORGANIZATIONNAME = Lightricks;
				TargetAttributes = {
					B9EB66361CA93FF4002AC233 = {
						CreatedOnToolsVersion = 7.3;
					};
					B9EB664F1CA93FF4002AC233 = {
						CreatedOnToolsVersion = 7.3;
						TestTargetID = B9EB66361CA93FF4002AC233;
					};
					B9EB665A1CA93FF4002AC233 = {
						CreatedOnToolsVersion = 7.3;
						TestTargetID = B9EB66361CA93FF4002AC233;
					};
				};
			};
			buildConfigurationList = B9EB66321CA93FF4002AC233 /* Build configuration list for PBXProject "Matchismo" */;
			compatibilityVersion = "Xcode 3.2";
			developmentRegion = English;
			hasScannedForEncodings = 0;
			knownRegions = (
				en,
				Base,
			);
			mainGroup = B9EB662E1CA93FF4002AC233;
			productRefGroup = B9EB66381CA93FF4002AC233 /* Products */;
			projectDirPath = "";
			projectRoot = "";
			targets = (
				B9EB66361CA93FF4002AC233 /* Matchismo */,
				B9EB664F1CA93FF4002AC233 /* MatchismoTests */,
				B9EB665A1CA93FF4002AC233 /* MatchismoUITests */,
			);
		};
/* End PBXProject section */

/* Begin PBXResourcesBuildPhase section */
		B9EB66351CA93FF4002AC233 /* Resources */ = {
			isa = PBXResourcesBuildPhase;
			buildActionMask = 2147483647;
			files = (
				B9EB664A1CA93FF4002AC233 /* LaunchScreen.storyboard in Resources */,
				B9EB66471CA93FF4002AC233 /* Assets.xcassets in Resources */,
				B9EB66451CA93FF4002AC233 /* Main.storyboard in Resources */,
			);
			runOnlyForDeploymentPostprocessing = 0;
		};
		B9EB664E1CA93FF4002AC233 /* Resources */ = {
			isa = PBXResourcesBuildPhase;
			buildActionMask = 2147483647;
			files = (
			);
			runOnlyForDeploymentPostprocessing = 0;
		};
		B9EB66591CA93FF4002AC233 /* Resources */ = {
			isa = PBXResourcesBuildPhase;
			buildActionMask = 2147483647;
			files = (
			);
			runOnlyForDeploymentPostprocessing = 0;
		};
/* End PBXResourcesBuildPhase section */

/* Begin PBXSourcesBuildPhase section */
		B9EB66331CA93FF4002AC233 /* Sources */ = {
			isa = PBXSourcesBuildPhase;
			buildActionMask = 2147483647;
			files = (
				B99CD8F11CA957E3002AECF6 /* Deck.m in Sources */,
				B9EB66421CA93FF4002AC233 /* CardGameViewController.m in Sources */,
				B97353B01CAD50DD004A8196 /* SetCard.m in Sources */,
				B973539E1CAD2251004A8196 /* SetViewController.m in Sources */,
				B97353A71CAD28F1004A8196 /* SetCardDeck.m in Sources */,
				B9B8DC9E1CB299AF00D038A1 /* PlayingCardView.m in Sources */,
				B9B58BAF1CA99108002EE923 /* CardMatchingGame.m in Sources */,
				B9B8DC9B1CB156D500D038A1 /* HistoryViewController.m in Sources */,
				B9EB663F1CA93FF4002AC233 /* AppDelegate.m in Sources */,
				B9ACC29C1CB3A1D9001F6FF7 /* SetCardView.m in Sources */,
				B9B58BB11CA99108002EE923 /* PlayingCardDeck.m in Sources */,
				B9EB663C1CA93FF4002AC233 /* main.m in Sources */,
				B97353AD1CAD47B8004A8196 /* MatchingViewController.m in Sources */,
				B9B58BB01CA99108002EE923 /* PlayingCard.m in Sources */,
				B9AF4FCE1CA952F800699492 /* Card.m in Sources */,
				B9ACC29F1CB3B628001F6FF7 /* CardViewConfiguration.m in Sources */,
			);
			runOnlyForDeploymentPostprocessing = 0;
		};
		B9EB664C1CA93FF4002AC233 /* Sources */ = {
			isa = PBXSourcesBuildPhase;
			buildActionMask = 2147483647;
			files = (
				B9EB66551CA93FF4002AC233 /* MatchismoTests.m in Sources */,
			);
			runOnlyForDeploymentPostprocessing = 0;
		};
		B9EB66571CA93FF4002AC233 /* Sources */ = {
			isa = PBXSourcesBuildPhase;
			buildActionMask = 2147483647;
			files = (
				B9EB66601CA93FF4002AC233 /* MatchismoUITests.m in Sources */,
			);
			runOnlyForDeploymentPostprocessing = 0;
		};
/* End PBXSourcesBuildPhase section */

/* Begin PBXTargetDependency section */
		B9EB66521CA93FF4002AC233 /* PBXTargetDependency */ = {
			isa = PBXTargetDependency;
			target = B9EB66361CA93FF4002AC233 /* Matchismo */;
			targetProxy = B9EB66511CA93FF4002AC233 /* PBXContainerItemProxy */;
		};
		B9EB665D1CA93FF4002AC233 /* PBXTargetDependency */ = {
			isa = PBXTargetDependency;
			target = B9EB66361CA93FF4002AC233 /* Matchismo */;
			targetProxy = B9EB665C1CA93FF4002AC233 /* PBXContainerItemProxy */;
		};
/* End PBXTargetDependency section */

/* Begin PBXVariantGroup section */
		B9EB66431CA93FF4002AC233 /* Main.storyboard */ = {
			isa = PBXVariantGroup;
			children = (
				B9EB66441CA93FF4002AC233 /* Base */,
			);
			name = Main.storyboard;
			sourceTree = "<group>";
		};
		B9EB66481CA93FF4002AC233 /* LaunchScreen.storyboard */ = {
			isa = PBXVariantGroup;
			children = (
				B9EB66491CA93FF4002AC233 /* Base */,
			);
			name = LaunchScreen.storyboard;
			sourceTree = "<group>";
		};
/* End PBXVariantGroup section */

/* Begin XCBuildConfiguration section */
		B9EB66621CA93FF4002AC233 /* Debug */ = {
			isa = XCBuildConfiguration;
			buildSettings = {
				ALWAYS_SEARCH_USER_PATHS = NO;
				CLANG_ANALYZER_NONNULL = YES;
				CLANG_CXX_LANGUAGE_STANDARD = "gnu++0x";
				CLANG_CXX_LIBRARY = "libc++";
				CLANG_ENABLE_MODULES = YES;
				CLANG_ENABLE_OBJC_ARC = YES;
				CLANG_WARN_BOOL_CONVERSION = YES;
				CLANG_WARN_CONSTANT_CONVERSION = YES;
				CLANG_WARN_DIRECT_OBJC_ISA_USAGE = YES_ERROR;
				CLANG_WARN_EMPTY_BODY = YES;
				CLANG_WARN_ENUM_CONVERSION = YES;
				CLANG_WARN_INT_CONVERSION = YES;
				CLANG_WARN_OBJC_ROOT_CLASS = YES_ERROR;
				CLANG_WARN_UNREACHABLE_CODE = YES;
				CLANG_WARN__DUPLICATE_METHOD_MATCH = YES;
				"CODE_SIGN_IDENTITY[sdk=iphoneos*]" = "iPhone Developer";
				COPY_PHASE_STRIP = NO;
				DEBUG_INFORMATION_FORMAT = dwarf;
				ENABLE_STRICT_OBJC_MSGSEND = YES;
				ENABLE_TESTABILITY = YES;
				GCC_C_LANGUAGE_STANDARD = gnu99;
				GCC_DYNAMIC_NO_PIC = NO;
				GCC_NO_COMMON_BLOCKS = YES;
				GCC_OPTIMIZATION_LEVEL = 0;
				GCC_PREPROCESSOR_DEFINITIONS = (
					"DEBUG=1",
					"$(inherited)",
				);
				GCC_WARN_64_TO_32_BIT_CONVERSION = YES;
				GCC_WARN_ABOUT_RETURN_TYPE = YES_ERROR;
				GCC_WARN_UNDECLARED_SELECTOR = YES;
				GCC_WARN_UNINITIALIZED_AUTOS = YES_AGGRESSIVE;
				GCC_WARN_UNUSED_FUNCTION = YES;
				GCC_WARN_UNUSED_VARIABLE = YES;
				IPHONEOS_DEPLOYMENT_TARGET = 9.3;
				MTL_ENABLE_DEBUG_INFO = YES;
				ONLY_ACTIVE_ARCH = YES;
				SDKROOT = iphoneos;
			};
			name = Debug;
		};
		B9EB66631CA93FF4002AC233 /* Release */ = {
			isa = XCBuildConfiguration;
			buildSettings = {
				ALWAYS_SEARCH_USER_PATHS = NO;
				CLANG_ANALYZER_NONNULL = YES;
				CLANG_CXX_LANGUAGE_STANDARD = "gnu++0x";
				CLANG_CXX_LIBRARY = "libc++";
				CLANG_ENABLE_MODULES = YES;
				CLANG_ENABLE_OBJC_ARC = YES;
				CLANG_WARN_BOOL_CONVERSION = YES;
				CLANG_WARN_CONSTANT_CONVERSION = YES;
				CLANG_WARN_DIRECT_OBJC_ISA_USAGE = YES_ERROR;
				CLANG_WARN_EMPTY_BODY = YES;
				CLANG_WARN_ENUM_CONVERSION = YES;
				CLANG_WARN_INT_CONVERSION = YES;
				CLANG_WARN_OBJC_ROOT_CLASS = YES_ERROR;
				CLANG_WARN_UNREACHABLE_CODE = YES;
				CLANG_WARN__DUPLICATE_METHOD_MATCH = YES;
				"CODE_SIGN_IDENTITY[sdk=iphoneos*]" = "iPhone Developer";
				COPY_PHASE_STRIP = NO;
				DEBUG_INFORMATION_FORMAT = "dwarf-with-dsym";
				ENABLE_NS_ASSERTIONS = NO;
				ENABLE_STRICT_OBJC_MSGSEND = YES;
				GCC_C_LANGUAGE_STANDARD = gnu99;
				GCC_NO_COMMON_BLOCKS = YES;
				GCC_WARN_64_TO_32_BIT_CONVERSION = YES;
				GCC_WARN_ABOUT_RETURN_TYPE = YES_ERROR;
				GCC_WARN_UNDECLARED_SELECTOR = YES;
				GCC_WARN_UNINITIALIZED_AUTOS = YES_AGGRESSIVE;
				GCC_WARN_UNUSED_FUNCTION = YES;
				GCC_WARN_UNUSED_VARIABLE = YES;
				IPHONEOS_DEPLOYMENT_TARGET = 9.3;
				MTL_ENABLE_DEBUG_INFO = NO;
				SDKROOT = iphoneos;
				VALIDATE_PRODUCT = YES;
			};
			name = Release;
		};
		B9EB66651CA93FF4002AC233 /* Debug */ = {
			isa = XCBuildConfiguration;
			buildSettings = {
				ASSETCATALOG_COMPILER_APPICON_NAME = AppIcon;
				INFOPLIST_FILE = Matchismo/Info.plist;
				LD_RUNPATH_SEARCH_PATHS = "$(inherited) @executable_path/Frameworks";
				PRODUCT_BUNDLE_IDENTIFIER = lightricks.com.ben.Matchismo;
				PRODUCT_NAME = "$(TARGET_NAME)";
			};
			name = Debug;
		};
		B9EB66661CA93FF4002AC233 /* Release */ = {
			isa = XCBuildConfiguration;
			buildSettings = {
				ASSETCATALOG_COMPILER_APPICON_NAME = AppIcon;
				INFOPLIST_FILE = Matchismo/Info.plist;
				LD_RUNPATH_SEARCH_PATHS = "$(inherited) @executable_path/Frameworks";
				PRODUCT_BUNDLE_IDENTIFIER = lightricks.com.ben.Matchismo;
				PRODUCT_NAME = "$(TARGET_NAME)";
			};
			name = Release;
		};
		B9EB66681CA93FF4002AC233 /* Debug */ = {
			isa = XCBuildConfiguration;
			buildSettings = {
				BUNDLE_LOADER = "$(TEST_HOST)";
				INFOPLIST_FILE = MatchismoTests/Info.plist;
				LD_RUNPATH_SEARCH_PATHS = "$(inherited) @executable_path/Frameworks @loader_path/Frameworks";
				PRODUCT_BUNDLE_IDENTIFIER = lightricks.com.ben.MatchismoTests;
				PRODUCT_NAME = "$(TARGET_NAME)";
				TEST_HOST = "$(BUILT_PRODUCTS_DIR)/Matchismo.app/Matchismo";
			};
			name = Debug;
		};
		B9EB66691CA93FF4002AC233 /* Release */ = {
			isa = XCBuildConfiguration;
			buildSettings = {
				BUNDLE_LOADER = "$(TEST_HOST)";
				INFOPLIST_FILE = MatchismoTests/Info.plist;
				LD_RUNPATH_SEARCH_PATHS = "$(inherited) @executable_path/Frameworks @loader_path/Frameworks";
				PRODUCT_BUNDLE_IDENTIFIER = lightricks.com.ben.MatchismoTests;
				PRODUCT_NAME = "$(TARGET_NAME)";
				TEST_HOST = "$(BUILT_PRODUCTS_DIR)/Matchismo.app/Matchismo";
			};
			name = Release;
		};
		B9EB666B1CA93FF4002AC233 /* Debug */ = {
			isa = XCBuildConfiguration;
			buildSettings = {
				INFOPLIST_FILE = MatchismoUITests/Info.plist;
				LD_RUNPATH_SEARCH_PATHS = "$(inherited) @executable_path/Frameworks @loader_path/Frameworks";
				PRODUCT_BUNDLE_IDENTIFIER = lightricks.com.ben.MatchismoUITests;
				PRODUCT_NAME = "$(TARGET_NAME)";
				TEST_TARGET_NAME = Matchismo;
			};
			name = Debug;
		};
		B9EB666C1CA93FF4002AC233 /* Release */ = {
			isa = XCBuildConfiguration;
			buildSettings = {
				INFOPLIST_FILE = MatchismoUITests/Info.plist;
				LD_RUNPATH_SEARCH_PATHS = "$(inherited) @executable_path/Frameworks @loader_path/Frameworks";
				PRODUCT_BUNDLE_IDENTIFIER = lightricks.com.ben.MatchismoUITests;
				PRODUCT_NAME = "$(TARGET_NAME)";
				TEST_TARGET_NAME = Matchismo;
			};
			name = Release;
		};
/* End XCBuildConfiguration section */

/* Begin XCConfigurationList section */
		B9EB66321CA93FF4002AC233 /* Build configuration list for PBXProject "Matchismo" */ = {
			isa = XCConfigurationList;
			buildConfigurations = (
				B9EB66621CA93FF4002AC233 /* Debug */,
				B9EB66631CA93FF4002AC233 /* Release */,
			);
			defaultConfigurationIsVisible = 0;
			defaultConfigurationName = Release;
		};
		B9EB66641CA93FF4002AC233 /* Build configuration list for PBXNativeTarget "Matchismo" */ = {
			isa = XCConfigurationList;
			buildConfigurations = (
				B9EB66651CA93FF4002AC233 /* Debug */,
				B9EB66661CA93FF4002AC233 /* Release */,
			);
			defaultConfigurationIsVisible = 0;
			defaultConfigurationName = Release;
		};
		B9EB66671CA93FF4002AC233 /* Build configuration list for PBXNativeTarget "MatchismoTests" */ = {
			isa = XCConfigurationList;
			buildConfigurations = (
				B9EB66681CA93FF4002AC233 /* Debug */,
				B9EB66691CA93FF4002AC233 /* Release */,
			);
			defaultConfigurationIsVisible = 0;
			defaultConfigurationName = Release;
		};
		B9EB666A1CA93FF4002AC233 /* Build configuration list for PBXNativeTarget "MatchismoUITests" */ = {
			isa = XCConfigurationList;
			buildConfigurations = (
				B9EB666B1CA93FF4002AC233 /* Debug */,
				B9EB666C1CA93FF4002AC233 /* Release */,
			);
			defaultConfigurationIsVisible = 0;
			defaultConfigurationName = Release;
		};
/* End XCConfigurationList section */
	};
	rootObject = B9EB662F1CA93FF4002AC233 /* Project object */;
}
